
Microsoft Visual Studio Solution File, Format Version 12.00
# Visual Studio 14
VisualStudioVersion = 14.0.23107.0
MinimumVisualStudioVersion = 10.0.40219.1
Project("{FAE04EC0-301F-11D3-BF4B-00C04F79EFBC}") = "ShoppingBasketDotNet", "ShoppingBasketDotNet\ShoppingBasketDotNet.csproj", "{A94FED65-5EDB-4854-86E6-459F246C8860}"
EndProject
Project("{FAE04EC0-301F-11D3-BF4B-00C04F79EFBC}") = "ShoppingBasketDotNet.Tests", "ShoppingBasketDotNet.Tests\ShoppingBasketDotNet.Tests.csproj", "{7CCCB797-581B-4888-AA70-EDF7CB819694}"
EndProject
Global
	GlobalSection(SolutionConfigurationPlatforms) = preSolution
		Debug|Any CPU = Debug|Any CPU
		Release|Any CPU = Release|Any CPU
	EndGlobalSection
	GlobalSection(ProjectConfigurationPlatforms) = postSolution
		{A94FED65-5EDB-4854-86E6-459F246C8860}.Debug|Any CPU.ActiveCfg = Debug|Any CPU
		{A94FED65-5EDB-4854-86E6-459F246C8860}.Debug|Any CPU.Build.0 = Debug|Any CPU
		{A94FED65-5EDB-4854-86E6-459F246C8860}.Release|Any CPU.ActiveCfg = Release|Any CPU
		{A94FED65-5EDB-4854-86E6-459F246C8860}.Release|Any CPU.Build.0 = Release|Any CPU
		{7CCCB797-581B-4888-AA70-EDF7CB819694}.Debug|Any CPU.ActiveCfg = Debug|Any CPU
		{7CCCB797-581B-4888-AA70-EDF7CB819694}.Debug|Any CPU.Build.0 = Debug|Any CPU
		{7CCCB797-581B-4888-AA70-EDF7CB819694}.Release|Any CPU.ActiveCfg = Release|Any CPU
		{7CCCB797-581B-4888-AA70-EDF7CB819694}.Release|Any CPU.Build.0 = Release|Any CPU
	EndGlobalSection
	GlobalSection(SolutionProperties) = preSolution
		HideSolutionNode = FALSE
	EndGlobalSection
EndGlobal
